
Microsoft Visual Studio Solution File, Format Version 12.00
# Visual Studio Version 16
VisualStudioVersion = 16.0.29503.13
MinimumVisualStudioVersion = 10.0.40219.1
Project("{FAE04EC0-301F-11D3-BF4B-00C04F79EFBC}") = "SecretSanta", "SecretSanta\SecretSanta.csproj", "{FB8EC307-C418-4D89-9303-61CD452968C0}"
EndProject
Project("{9A19103F-16F7-4668-BE54-9A1E7A4F7556}") = "CM.Text", "D:\Source\Repos\LMS Project Api\src\CM.Text\CM.Text.csproj", "{9010ED68-FD09-4947-B416-28932076D9EE}"
EndProject
Global
	GlobalSection(SolutionConfigurationPlatforms) = preSolution
		Debug|Any CPU = Debug|Any CPU
		Release|Any CPU = Release|Any CPU
	EndGlobalSection
	GlobalSection(ProjectConfigurationPlatforms) = postSolution
		{FB8EC307-C418-4D89-9303-61CD452968C0}.Debug|Any CPU.ActiveCfg = Debug|Any CPU
		{FB8EC307-C418-4D89-9303-61CD452968C0}.Debug|Any CPU.Build.0 = Debug|Any CPU
		{FB8EC307-C418-4D89-9303-61CD452968C0}.Release|Any CPU.ActiveCfg = Release|Any CPU
		{FB8EC307-C418-4D89-9303-61CD452968C0}.Release|Any CPU.Build.0 = Release|Any CPU
		{9010ED68-FD09-4947-B416-28932076D9EE}.Debug|Any CPU.ActiveCfg = Debug|Any CPU
		{9010ED68-FD09-4947-B416-28932076D9EE}.Debug|Any CPU.Build.0 = Debug|Any CPU
		{9010ED68-FD09-4947-B416-28932076D9EE}.Release|Any CPU.ActiveCfg = Release|Any CPU
		{9010ED68-FD09-4947-B416-28932076D9EE}.Release|Any CPU.Build.0 = Release|Any CPU
	EndGlobalSection
	GlobalSection(SolutionProperties) = preSolution
		HideSolutionNode = FALSE
	EndGlobalSection
	GlobalSection(ExtensibilityGlobals) = postSolution
		SolutionGuid = {2FB06AAE-18FF-426A-9265-A017C1273784}
	EndGlobalSection
EndGlobal
